Microsoft Visual Studio Solution File, Format Version 12.00
# Visual Studio 15
VisualStudioVersion = 15.0.26730.16
MinimumVisualStudioVersion = 15.0.26124.0
Project("{2150E333-8FDC-42A3-9474-1A3956D46DE8}") = "src", "src", "{74CD9F46-5A55-4A13-81C0-5BEA0FF0DE94}"
EndProject
Project("{9A19103F-16F7-4668-BE54-9A1E7A4F7556}") = "SampleProject", "src\SampleProject\SampleProject.csproj", "{895F22BA-1E81-4523-9C8E-7069338002D7}"
EndProject
Project("{2150E333-8FDC-42A3-9474-1A3956D46DE8}") = "test", "test", "{9A0AAFDE-E03E-4989-80EC-798E13229B6C}"
EndProject
Project("{9A19103F-16F7-4668-BE54-9A1E7A4F7556}") = "SampleProject.Tests", "test\SampleProject.Tests\SampleProject.Tests.csproj", "{D720732F-D8BD-4EEE-9663-B7B03892E8FE}"
EndProject
Global
	GlobalSection(SolutionConfigurationPlatforms) = preSolution
		Debug|Any CPU = Debug|Any CPU
		Debug|x64 = Debug|x64
		Debug|x86 = Debug|x86
		Release|Any CPU = Release|Any CPU
		Release|x64 = Release|x64
		Release|x86 = Release|x86
	EndGlobalSection
	GlobalSection(ProjectConfigurationPlatforms) = postSolution
		{895F22BA-1E81-4523-9C8E-7069338002D7}.Debug|Any CPU.ActiveCfg = Debug|Any CPU
		{895F22BA-1E81-4523-9C8E-7069338002D7}.Debug|Any CPU.Build.0 = Debug|Any CPU
		{895F22BA-1E81-4523-9C8E-7069338002D7}.Debug|x64.ActiveCfg = Debug|Any CPU
		{895F22BA-1E81-4523-9C8E-7069338002D7}.Debug|x64.Build.0 = Debug|Any CPU
		{895F22BA-1E81-4523-9C8E-7069338002D7}.Debug|x86.ActiveCfg = Debug|Any CPU
		{895F22BA-1E81-4523-9C8E-7069338002D7}.Debug|x86.Build.0 = Debug|Any CPU
		{895F22BA-1E81-4523-9C8E-7069338002D7}.Release|Any CPU.ActiveCfg = Release|Any CPU
		{895F22BA-1E81-4523-9C8E-7069338002D7}.Release|Any CPU.Build.0 = Release|Any CPU
		{895F22BA-1E81-4523-9C8E-7069338002D7}.Release|x64.ActiveCfg = Release|Any CPU
		{895F22BA-1E81-4523-9C8E-7069338002D7}.Release|x64.Build.0 = Release|Any CPU
		{895F22BA-1E81-4523-9C8E-7069338002D7}.Release|x86.ActiveCfg = Release|Any CPU
		{895F22BA-1E81-4523-9C8E-7069338002D7}.Release|x86.Build.0 = Release|Any CPU
		{D720732F-D8BD-4EEE-9663-B7B03892E8FE}.Debug|Any CPU.ActiveCfg = Debug|Any CPU
		{D720732F-D8BD-4EEE-9663-B7B03892E8FE}.Debug|Any CPU.Build.0 = Debug|Any CPU
		{D720732F-D8BD-4EEE-9663-B7B03892E8FE}.Debug|x64.ActiveCfg = Debug|Any CPU
		{D720732F-D8BD-4EEE-9663-B7B03892E8FE}.Debug|x64.Build.0 = Debug|Any CPU
		{D720732F-D8BD-4EEE-9663-B7B03892E8FE}.Debug|x86.ActiveCfg = Debug|Any CPU
		{D720732F-D8BD-4EEE-9663-B7B03892E8FE}.Debug|x86.Build.0 = Debug|Any CPU
		{D720732F-D8BD-4EEE-9663-B7B03892E8FE}.Release|Any CPU.ActiveCfg = Release|Any CPU
		{D720732F-D8BD-4EEE-9663-B7B03892E8FE}.Release|Any CPU.Build.0 = Release|Any CPU
		{D720732F-D8BD-4EEE-9663-B7B03892E8FE}.Release|x64.ActiveCfg = Release|Any CPU
		{D720732F-D8BD-4EEE-9663-B7B03892E8FE}.Release|x64.Build.0 = Release|Any CPU
		{D720732F-D8BD-4EEE-9663-B7B03892E8FE}.Release|x86.ActiveCfg = Release|Any CPU
		{D720732F-D8BD-4EEE-9663-B7B03892E8FE}.Release|x86.Build.0 = Release|Any CPU
	EndGlobalSection
	GlobalSection(SolutionProperties) = preSolution
		HideSolutionNode = FALSE
	EndGlobalSection
	GlobalSection(NestedProjects) = preSolution
		{895F22BA-1E81-4523-9C8E-7069338002D7} = {74CD9F46-5A55-4A13-81C0-5BEA0FF0DE94}
		{D720732F-D8BD-4EEE-9663-B7B03892E8FE} = {9A0AAFDE-E03E-4989-80EC-798E13229B6C}
	EndGlobalSection
	GlobalSection(ExtensibilityGlobals) = postSolution
		SolutionGuid = {4D489BC3-7D4F-4134-8F16-955F77D7D318}
	EndGlobalSection
EndGlobal
